{
  "nodes": {
    "nix-darwin": {
      "inputs": {
        "nixpkgs": [
          "nixpkgs"
        ]
      },
      "locked": {
        "lastModified": 1723859949,
        "narHash": "sha256-kiaGz4deGYKMjJPOji/JVvSP/eTefrIA3rAjOnOpXl4=",
        "owner": "LnL7",
        "repo": "nix-darwin",
        "rev": "076b9a905af8a52b866c8db068d6da475839d97b",
        "type": "github"
      },
      "original": {
        "owner": "LnL7",
        "repo": "nix-darwin",
        "type": "github"
      }
    },
    "nixpkgs": {
      "locked": {
        "lastModified": 1723856861,
        "narHash": "sha256-OTDg91+Zzs2SpU3csK4xVdSQFoG8cK1lNUwKmTqERyE=",
        "owner": "NixOS",
        "repo": "nixpkgs",
        "rev": "cd7b95ee3725af7113bacbce91dd6549cee58ca5",
        "type": "github"
      },
      "original": {
        "owner": "NixOS",
        "ref": "nixpkgs-unstable",
        "repo": "nixpkgs",
        "type": "github"
      }
    },
    "root": {
      "inputs": {
        "nix-darwin": "nix-darwin",
        "nixpkgs": "nixpkgs"
      }
    }
  },
  "root": "root",
  "version": 7
}
